
Microsoft Visual Studio Solution File, Format Version 12.00
# Visual Studio 15
VisualStudioVersion = 15.0.27428.2037
MinimumVisualStudioVersion = 10.0.40219.1
Project("{FAE04EC0-301F-11D3-BF4B-00C04F79EFBC}") = "Palindromo", "Palindromo\Palindromo.csproj", "{076E9104-51BA-404A-BDC0-696C5D4A56EC}"
EndProject
Global
	GlobalSection(SolutionConfigurationPlatforms) = preSolution
		Debug|Any CPU = Debug|Any CPU
		Release|Any CPU = Release|Any CPU
	EndGlobalSection
	GlobalSection(ProjectConfigurationPlatforms) = postSolution
		{076E9104-51BA-404A-BDC0-696C5D4A56EC}.Debug|Any CPU.ActiveCfg = Debug|Any CPU
		{076E9104-51BA-404A-BDC0-696C5D4A56EC}.Debug|Any CPU.Build.0 = Debug|Any CPU
		{076E9104-51BA-404A-BDC0-696C5D4A56EC}.Release|Any CPU.ActiveCfg = Release|Any CPU
		{076E9104-51BA-404A-BDC0-696C5D4A56EC}.Release|Any CPU.Build.0 = Release|Any CPU
	EndGlobalSection
	GlobalSection(SolutionProperties) = preSolution
		HideSolutionNode = FALSE
	EndGlobalSection
	GlobalSection(ExtensibilityGlobals) = postSolution
		SolutionGuid = {4D21972A-A974-409E-A9B6-F2DEC76490B4}
	EndGlobalSection
EndGlobal
